{
  "name": "@tribute/sdk",
  "version": "0.1.0",
  "lockfileVersion": 3,
  "requires": true,
  "packages": {
    "": {
      "name": "@tribute/sdk",
      "version": "0.1.0",
      "dependencies": {
        "@stacks/connect": "^7.0.0",
        "@stacks/network": "^7.0.0",
        "@stacks/transactions": "^7.0.0",
        "commander": "^12.0.0"
      },
      "bin": {
        "tribute": "dist/cli.js"
      },
      "devDependencies": {
        "@types/node": "^22.0.0",
        "tsup": "^8.0.0",
        "typescript": "^5.0.0"
      }
    },
    "../../node_modules/.pnpm/@stacks+connect@7.10.2/node_modules/@stacks/connect": {
      "version": "7.10.2",
      "license": "MIT",
      "dependencies": {
        "@stacks/auth": "^7.0.0",
        "@stacks/common": "^7.0.0",
        "@stacks/connect-ui": "6.6.0",
        "@stacks/network": "^7.0.0",
        "@stacks/network-v6": "npm:@stacks/network@^6.16.0",
        "@stacks/profile": "^7.0.0",
        "@stacks/transactions": "^7.0.0",
        "@stacks/transactions-v6": "npm:@stacks/transactions@^6.16.0",
        "jsontokens": "^4.0.1"
      },
      "devDependencies": {
        "@babel/preset-env": "^7.23.3",
        "@babel/preset-react": "^7.23.3",
        "@storybook/addon-essentials": "^7.6.0-alpha.5",
        "@storybook/addon-interactions": "^7.6.0-alpha.5",
        "@storybook/addon-links": "^7.6.0-alpha.5",
        "@storybook/addon-onboarding": "^1.0.8",
        "@storybook/blocks": "^7.6.0-alpha.5",
        "@storybook/react": "^7.6.0-alpha.5",
        "@storybook/react-vite": "^7.6.0-alpha.5",
        "@storybook/react-webpack5": "^7.6.0-alpha.5",
        "@storybook/testing-library": "^0.2.2",
        "esbuild-plugin-replace": "^1.4.0",
        "prop-types": "^15.8.1",
        "react": "^18.2.0",
        "react-dom": "^18.2.0",
        "storybook": "^7.6.0-alpha.5",
        "vite": "^4.5.0"
      }
    },
    "../../node_modules/.pnpm/@stacks+network@7.3.1/node_modules/@stacks/network": {
      "version": "7.3.1",
      "license": "MIT",
      "dependencies": {
        "@stacks/common": "^7.3.1",
        "cross-fetch": "^3.1.5"
      },
      "devDependencies": {
        "process": "^0.11.10",
        "rimraf": "^3.0.2"
      }
    },
    "../../node_modules/.pnpm/@stacks+transactions@7.3.1/node_modules/@stacks/transactions": {
      "version": "7.3.1",
      "license": "MIT",
      "dependencies": {
        "@noble/hashes": "1.1.5",
        "@noble/secp256k1": "1.7.1",
        "@stacks/common": "^7.3.1",
        "@stacks/network": "^7.3.1",
        "c32check": "^2.0.0",
        "lodash.clonedeep": "^4.5.0"
      },
      "devDependencies": {
        "@stacks/encryption": "^7.3.1",
        "@types/common-tags": "^1.8.0",
        "@types/elliptic": "^6.4.12",
        "@types/lodash.clonedeep": "^4.5.6",
        "common-tags": "^1.8.0",
        "elliptic": "^6.5.4",
        "process": "^0.11.10",
        "rimraf": "^3.0.2"
      }
    },
    "../../node_modules/.pnpm/@types+node@22.19.7/node_modules/@types/node": {
      "version": "22.19.7",
      "dev": true,
      "license": "MIT",
      "dependencies": {
        "undici-types": "~6.21.0"
      }
    },
    "../../node_modules/.pnpm/tsup@8.5.1_@swc+core@1.15.10_@swc+helpers@0.5.18__jiti@1.21.7_postcss@8.5.6_typescript@5.9.3_yaml@2.8.2/node_modules/tsup": {
      "version": "8.5.1",
      "dev": true,
      "license": "MIT",
      "dependencies": {
        "bundle-require": "^5.1.0",
        "cac": "^6.7.14",
        "chokidar": "^4.0.3",
        "consola": "^3.4.0",
        "debug": "^4.4.0",
        "esbuild": "^0.27.0",
        "fix-dts-default-cjs-exports": "^1.0.0",
        "joycon": "^3.1.1",
        "picocolors": "^1.1.1",
        "postcss-load-config": "^6.0.1",
        "resolve-from": "^5.0.0",
        "rollup": "^4.34.8",
        "source-map": "^0.7.6",
        "sucrase": "^3.35.0",
        "tinyexec": "^0.3.2",
        "tinyglobby": "^0.2.11",
        "tree-kill": "^1.2.2"
      },
      "bin": {
        "tsup": "dist/cli-default.js",
        "tsup-node": "dist/cli-node.js"
      },
      "devDependencies": {
        "@microsoft/api-extractor": "^7.50.0",
        "@rollup/plugin-json": "6.1.0",
        "@swc/core": "1.10.18",
        "@types/debug": "4.1.12",
        "@types/node": "22.13.4",
        "@types/resolve": "1.20.6",
        "bumpp": "^10.0.3",
        "flat": "6.0.1",
        "postcss": "8.5.2",
        "postcss-simple-vars": "7.0.1",
        "prettier": "3.5.1",
        "resolve": "1.22.10",
        "rollup-plugin-dts": "6.1.1",
        "sass": "1.85.0",
        "strip-json-comments": "5.0.1",
        "svelte": "5.19.9",
        "svelte-preprocess": "6.0.3",
        "terser": "^5.39.0",
        "ts-essentials": "10.0.4",
        "tsup": "8.3.6",
        "typescript": "5.7.3",
        "vitest": "3.0.6",
        "wait-for-expect": "3.0.2"
      },
      "engines": {
        "node": ">=18"
      },
      "peerDependencies": {
        "@microsoft/api-extractor": "^7.36.0",
        "@swc/core": "^1",
        "postcss": "^8.4.12",
        "typescript": ">=4.5.0"
      },
      "peerDependenciesMeta": {
        "@microsoft/api-extractor": {
          "optional": true
        },
        "@swc/core": {
          "optional": true
        },
        "postcss": {
          "optional": true
        },
        "typescript": {
          "optional": true
        }
      }
    },
    "../../node_modules/.pnpm/typescript@5.9.3/node_modules/typescript": {
      "version": "5.9.3",
      "dev": true,
      "license": "Apache-2.0",
      "bin": {
        "tsc": "bin/tsc",
        "tsserver": "bin/tsserver"
      },
      "devDependencies": {
        "@dprint/formatter": "^0.4.1",
        "@dprint/typescript": "0.93.4",
        "@esfx/canceltoken": "^1.0.0",
        "@eslint/js": "^9.20.0",
        "@octokit/rest": "^21.1.1",
        "@types/chai": "^4.3.20",
        "@types/diff": "^7.0.1",
        "@types/minimist": "^1.2.5",
        "@types/mocha": "^10.0.10",
        "@types/ms": "^0.7.34",
        "@types/node": "latest",
        "@types/source-map-support": "^0.5.10",
        "@types/which": "^3.0.4",
        "@typescript-eslint/rule-tester": "^8.24.1",
        "@typescript-eslint/type-utils": "^8.24.1",
        "@typescript-eslint/utils": "^8.24.1",
        "azure-devops-node-api": "^14.1.0",
        "c8": "^10.1.3",
        "chai": "^4.5.0",
        "chokidar": "^4.0.3",
        "diff": "^7.0.0",
        "dprint": "^0.49.0",
        "esbuild": "^0.25.0",
        "eslint": "^9.20.1",
        "eslint-formatter-autolinkable-stylish": "^1.4.0",
        "eslint-plugin-regexp": "^2.7.0",
        "fast-xml-parser": "^4.5.2",
        "glob": "^10.4.5",
        "globals": "^15.15.0",
        "hereby": "^1.10.0",
        "jsonc-parser": "^3.3.1",
        "knip": "^5.44.4",
        "minimist": "^1.2.8",
        "mocha": "^10.8.2",
        "mocha-fivemat-progress-reporter": "^0.1.0",
        "monocart-coverage-reports": "^2.12.1",
        "ms": "^2.1.3",
        "picocolors": "^1.1.1",
        "playwright": "^1.50.1",
        "source-map-support": "^0.5.21",
        "tslib": "^2.8.1",
        "typescript": "^5.7.3",
        "typescript-eslint": "^8.24.1",
        "which": "^3.0.1"
      },
      "engines": {
        "node": ">=14.17"
      }
    },
    "node_modules/@stacks/connect": {
      "resolved": "../../node_modules/.pnpm/@stacks+connect@7.10.2/node_modules/@stacks/connect",
      "link": true
    },
    "node_modules/@stacks/network": {
      "resolved": "../../node_modules/.pnpm/@stacks+network@7.3.1/node_modules/@stacks/network",
      "link": true
    },
    "node_modules/@stacks/transactions": {
      "resolved": "../../node_modules/.pnpm/@stacks+transactions@7.3.1/node_modules/@stacks/transactions",
      "link": true
    },
    "node_modules/@types/node": {
      "resolved": "../../node_modules/.pnpm/@types+node@22.19.7/node_modules/@types/node",
      "link": true
    },
    "node_modules/commander": {
      "version": "12.1.0",
      "resolved": "https://registry.npmjs.org/commander/-/commander-12.1.0.tgz",
      "integrity": "sha512-Vw8qHK3bZM9y/P10u3Vib8o/DdkvA2OtPtZvD871QKjy74Wj1WSKFILMPRPSdUSx5RFK1arlJzEtA4PkFgnbuA==",
      "engines": {
        "node": ">=18"
      }
    },
    "node_modules/tsup": {
      "resolved": "../../node_modules/.pnpm/tsup@8.5.1_@swc+core@1.15.10_@swc+helpers@0.5.18__jiti@1.21.7_postcss@8.5.6_typescript@5.9.3_yaml@2.8.2/node_modules/tsup",
      "link": true
    },
    "node_modules/typescript": {
      "resolved": "../../node_modules/.pnpm/typescript@5.9.3/node_modules/typescript",
      "link": true
    }
  }
}
